
Microsoft Visual Studio Solution File, Format Version 12.00
# Visual Studio Version 16
VisualStudioVersion = 16.0.29215.179
MinimumVisualStudioVersion = 10.0.40219.1
Project("{FAE04EC0-301F-11D3-BF4B-00C04F79EFBC}") = "AzWebApp", "AzWebApp.csproj", "{795FD75E-5553-4827-87DE-91AA51F81537}"
EndProject
Project("{FAE04EC0-301F-11D3-BF4B-00C04F79EFBC}") = "AzWebApp.Tests", "..\AzWebApp.Tests\AzWebApp.Tests.csproj", "{17E157AE-124F-4342-AEB1-9DDD20AE4A31}"
EndProject
Global
	GlobalSection(SolutionConfigurationPlatforms) = preSolution
		Debug|Any CPU = Debug|Any CPU
		Release|Any CPU = Release|Any CPU
	EndGlobalSection
	GlobalSection(ProjectConfigurationPlatforms) = postSolution
		{795FD75E-5553-4827-87DE-91AA51F81537}.Debug|Any CPU.ActiveCfg = Debug|Any CPU
		{795FD75E-5553-4827-87DE-91AA51F81537}.Debug|Any CPU.Build.0 = Debug|Any CPU
		{795FD75E-5553-4827-87DE-91AA51F81537}.Release|Any CPU.ActiveCfg = Release|Any CPU
		{795FD75E-5553-4827-87DE-91AA51F81537}.Release|Any CPU.Build.0 = Release|Any CPU
		{17E157AE-124F-4342-AEB1-9DDD20AE4A31}.Debug|Any CPU.ActiveCfg = Debug|Any CPU
		{17E157AE-124F-4342-AEB1-9DDD20AE4A31}.Debug|Any CPU.Build.0 = Debug|Any CPU
		{17E157AE-124F-4342-AEB1-9DDD20AE4A31}.Release|Any CPU.ActiveCfg = Release|Any CPU
		{17E157AE-124F-4342-AEB1-9DDD20AE4A31}.Release|Any CPU.Build.0 = Release|Any CPU
	EndGlobalSection
	GlobalSection(SolutionProperties) = preSolution
		HideSolutionNode = FALSE
	EndGlobalSection
	GlobalSection(ExtensibilityGlobals) = postSolution
		SolutionGuid = {6293F7A7-DADD-4577-BCA6-411B6B86CBBC}
	EndGlobalSection
EndGlobal
